// !$*UTF8*$!
{
	archiveVersion = 1;
	classes = {
	};
	objectVersion = 56;
	objects = {

/* Begin PBXBuildFile section */
		6C1819C029810F9B00124D04 /* SoundManager.swift in Sources */ = {isa = PBXBuildFile; fileRef = 6C1819BF29810F9B00124D04 /* SoundManager.swift */; };
		6C1819C5298112FB00124D04 /* gameover.wav in Resources */ = {isa = PBXBuildFile; fileRef = 6C1819C1298112FB00124D04 /* gameover.wav */; };
		6C1819C6298112FB00124D04 /* contact.wav in Resources */ = {isa = PBXBuildFile; fileRef = 6C1819C2298112FB00124D04 /* contact.wav */; };
		6C1819C7298112FB00124D04 /* background.mp3 in Resources */ = {isa = PBXBuildFile; fileRef = 6C1819C3298112FB00124D04 /* background.mp3 */; };
		6C1819C8298112FB00124D04 /* nextstage.wav in Resources */ = {isa = PBXBuildFile; fileRef = 6C1819C4298112FB00124D04 /* nextstage.wav */; };
		6CA02528297E4FFF005D963E /* AppDelegate.swift in Sources */ = {isa = PBXBuildFile; fileRef = 6CA02527297E4FFF005D963E /* AppDelegate.swift */; };
		6CA0252E297E4FFF005D963E /* GameScene.swift in Sources */ = {isa = PBXBuildFile; fileRef = 6CA0252D297E4FFF005D963E /* GameScene.swift */; };
		6CA02530297E4FFF005D963E /* GameViewController.swift in Sources */ = {isa = PBXBuildFile; fileRef = 6CA0252F297E4FFF005D963E /* GameViewController.swift */; };
		6CA02533297E4FFF005D963E /* Main.storyboard in Resources */ = {isa = PBXBuildFile; fileRef = 6CA02531297E4FFF005D963E /* Main.storyboard */; };
		6CA02535297E5000005D963E /* Assets.xcassets in Resources */ = {isa = PBXBuildFile; fileRef = 6CA02534297E5000005D963E /* Assets.xcassets */; };
		6CA02538297E5000005D963E /* LaunchScreen.storyboard in Resources */ = {isa = PBXBuildFile; fileRef = 6CA02536297E5000005D963E /* LaunchScreen.storyboard */; };
		6CA02541297E58C6005D963E /* LadyBugScene.sks in Resources */ = {isa = PBXBuildFile; fileRef = 6CA02540297E58C6005D963E /* LadyBugScene.sks */; };
		6CA02543297E5AFB005D963E /* LadyBugScene.swift in Sources */ = {isa = PBXBuildFile; fileRef = 6CA02542297E5AFB005D963E /* LadyBugScene.swift */; };
/* End PBXBuildFile section */

/* Begin PBXFileReference section */
		6C1819BF29810F9B00124D04 /* SoundManager.swift */ = {isa = PBXFileReference; lastKnownFileType = sourcecode.swift; path = SoundManager.swift; sourceTree = "<group>"; };
		6C1819C1298112FB00124D04 /* gameover.wav */ = {isa = PBXFileReference; lastKnownFileType = audio.wav; path = gameover.wav; sourceTree = "<group>"; };
		6C1819C2298112FB00124D04 /* contact.wav */ = {isa = PBXFileReference; lastKnownFileType = audio.wav; path = contact.wav; sourceTree = "<group>"; };
		6C1819C3298112FB00124D04 /* background.mp3 */ = {isa = PBXFileReference; lastKnownFileType = audio.mp3; path = background.mp3; sourceTree = "<group>"; };
		6C1819C4298112FB00124D04 /* nextstage.wav */ = {isa = PBXFileReference; lastKnownFileType = audio.wav; path = nextstage.wav; sourceTree = "<group>"; };
		6CA02524297E4FFF005D963E /* LadyBug.app */ = {isa = PBXFileReference; explicitFileType = wrapper.application; includeInIndex = 0; path = LadyBug.app; sourceTree = BUILT_PRODUCTS_DIR; };
		6CA02527297E4FFF005D963E /* AppDelegate.swift */ = {isa = PBXFileReference; lastKnownFileType = sourcecode.swift; path = AppDelegate.swift; sourceTree = "<group>"; };
		6CA0252D297E4FFF005D963E /* GameScene.swift */ = {isa = PBXFileReference; lastKnownFileType = sourcecode.swift; path = GameScene.swift; sourceTree = "<group>"; };
		6CA0252F297E4FFF005D963E /* GameViewController.swift */ = {isa = PBXFileReference; lastKnownFileType = sourcecode.swift; path = GameViewController.swift; sourceTree = "<group>"; };
		6CA02532297E4FFF005D963E /* Base */ = {isa = PBXFileReference; lastKnownFileType = file.storyboard; name = Base; path = Base.lproj/Main.storyboard; sourceTree = "<group>"; };
		6CA02534297E5000005D963E /* Assets.xcassets */ = {isa = PBXFileReference; lastKnownFileType = folder.assetcatalog; path = Assets.xcassets; sourceTree = "<group>"; };
		6CA02537297E5000005D963E /* Base */ = {isa = PBXFileReference; lastKnownFileType = file.storyboard; name = Base; path = Base.lproj/LaunchScreen.storyboard; sourceTree = "<group>"; };
		6CA02540297E58C6005D963E /* LadyBugScene.sks */ = {isa = PBXFileReference; lastKnownFileType = file.sks; path = LadyBugScene.sks; sourceTree = "<group>"; };
		6CA02542297E5AFB005D963E /* LadyBugScene.swift */ = {isa = PBXFileReference; lastKnownFileType = sourcecode.swift; path = LadyBugScene.swift; sourceTree = "<group>"; };
/* End PBXFileReference section */

/* Begin PBXFrameworksBuildPhase section */
		6CA02521297E4FFF005D963E /* Frameworks */ = {
			isa = PBXFrameworksBuildPhase;
			buildActionMask = 2147483647;
			files = (
			);
			runOnlyForDeploymentPostprocessing = 0;
		};
/* End PBXFrameworksBuildPhase section */

/* Begin PBXGroup section */
		6C1819C92981130100124D04 /* sounds */ = {
			isa = PBXGroup;
			children = (
				6C1819C3298112FB00124D04 /* background.mp3 */,
				6C1819C2298112FB00124D04 /* contact.wav */,
				6C1819C1298112FB00124D04 /* gameover.wav */,
				6C1819C4298112FB00124D04 /* nextstage.wav */,
			);
			path = sounds;
			sourceTree = "<group>";
		};
		6CA0251B297E4FFF005D963E = {
			isa = PBXGroup;
			children = (
				6CA02526297E4FFF005D963E /* LadyBug */,
				6CA02525297E4FFF005D963E /* Products */,
			);
			sourceTree = "<group>";
		};
		6CA02525297E4FFF005D963E /* Products */ = {
			isa = PBXGroup;
			children = (
				6CA02524297E4FFF005D963E /* LadyBug.app */,
			);
			name = Products;
			sourceTree = "<group>";
		};
		6CA02526297E4FFF005D963E /* LadyBug */ = {
			isa = PBXGroup;
			children = (
				6C1819C92981130100124D04 /* sounds */,
				6CA02527297E4FFF005D963E /* AppDelegate.swift */,
				6C1819BF29810F9B00124D04 /* SoundManager.swift */,
				6CA02540297E58C6005D963E /* LadyBugScene.sks */,
				6CA02542297E5AFB005D963E /* LadyBugScene.swift */,
				6CA0252D297E4FFF005D963E /* GameScene.swift */,
				6CA0252F297E4FFF005D963E /* GameViewController.swift */,
				6CA02531297E4FFF005D963E /* Main.storyboard */,
				6CA02534297E5000005D963E /* Assets.xcassets */,
				6CA02536297E5000005D963E /* LaunchScreen.storyboard */,
			);
			path = LadyBug;
			sourceTree = "<group>";
		};
/* End PBXGroup section */

/* Begin PBXNativeTarget section */
		6CA02523297E4FFF005D963E /* LadyBug */ = {
			isa = PBXNativeTarget;
			buildConfigurationList = 6CA0253B297E5000005D963E /* Build configuration list for PBXNativeTarget "LadyBug" */;
			buildPhases = (
				6CA02520297E4FFF005D963E /* Sources */,
				6CA02521297E4FFF005D963E /* Frameworks */,
				6CA02522297E4FFF005D963E /* Resources */,
			);
			buildRules = (
			);
			dependencies = (
			);
			name = LadyBug;
			productName = LadyBug;
			productReference = 6CA02524297E4FFF005D963E /* LadyBug.app */;
			productType = "com.apple.product-type.application";
		};
/* End PBXNativeTarget section */

/* Begin PBXProject section */
		6CA0251C297E4FFF005D963E /* Project object */ = {
			isa = PBXProject;
			attributes = {
				BuildIndependentTargetsInParallel = 1;
				LastSwiftUpdateCheck = 1420;
				LastUpgradeCheck = 1420;
				TargetAttributes = {
					6CA02523297E4FFF005D963E = {
						CreatedOnToolsVersion = 14.2;
					};
				};
			};
			buildConfigurationList = 6CA0251F297E4FFF005D963E /* Build configuration list for PBXProject "LadyBug" */;
			compatibilityVersion = "Xcode 14.0";
			developmentRegion = en;
			hasScannedForEncodings = 0;
			knownRegions = (
				en,
				Base,
			);
			mainGroup = 6CA0251B297E4FFF005D963E;
			productRefGroup = 6CA02525297E4FFF005D963E /* Products */;
			projectDirPath = "";
			projectRoot = "";
			targets = (
				6CA02523297E4FFF005D963E /* LadyBug */,
			);
		};
/* End PBXProject section */

/* Begin PBXResourcesBuildPhase section */
		6CA02522297E4FFF005D963E /* Resources */ = {
			isa = PBXResourcesBuildPhase;
			buildActionMask = 2147483647;
			files = (
				6C1819C5298112FB00124D04 /* gameover.wav in Resources */,
				6CA02533297E4FFF005D963E /* Main.storyboard in Resources */,
				6CA02535297E5000005D963E /* Assets.xcassets in Resources */,
				6C1819C6298112FB00124D04 /* contact.wav in Resources */,
				6C1819C8298112FB00124D04 /* nextstage.wav in Resources */,
				6CA02538297E5000005D963E /* LaunchScreen.storyboard in Resources */,
				6C1819C7298112FB00124D04 /* background.mp3 in Resources */,
				6CA02541297E58C6005D963E /* LadyBugScene.sks in Resources */,
			);
			runOnlyForDeploymentPostprocessing = 0;
		};
/* End PBXResourcesBuildPhase section */

/* Begin PBXSourcesBuildPhase section */
		6CA02520297E4FFF005D963E /* Sources */ = {
			isa = PBXSourcesBuildPhase;
			buildActionMask = 2147483647;
			files = (
				6CA0252E297E4FFF005D963E /* GameScene.swift in Sources */,
				6CA02530297E4FFF005D963E /* GameViewController.swift in Sources */,
				6CA02528297E4FFF005D963E /* AppDelegate.swift in Sources */,
				6CA02543297E5AFB005D963E /* LadyBugScene.swift in Sources */,
				6C1819C029810F9B00124D04 /* SoundManager.swift in Sources */,
			);
			runOnlyForDeploymentPostprocessing = 0;
		};
/* End PBXSourcesBuildPhase section */

/* Begin PBXVariantGroup section */
		6CA02531297E4FFF005D963E /* Main.storyboard */ = {
			isa = PBXVariantGroup;
			children = (
				6CA02532297E4FFF005D963E /* Base */,
			);
			name = Main.storyboard;
			sourceTree = "<group>";
		};
		6CA02536297E5000005D963E /* LaunchScreen.storyboard */ = {
			isa = PBXVariantGroup;
			children = (
				6CA02537297E5000005D963E /* Base */,
			);
			name = LaunchScreen.storyboard;
			sourceTree = "<group>";
		};
/* End PBXVariantGroup section */

/* Begin XCBuildConfiguration section */
		6CA02539297E5000005D963E /* Debug */ = {
			isa = XCBuildConfiguration;
			buildSettings = {
				ALWAYS_SEARCH_USER_PATHS = NO;
				CLANG_ANALYZER_NONNULL = YES;
				CLANG_ANALYZER_NUMBER_OBJECT_CONVERSION = YES_AGGRESSIVE;
				CLANG_CXX_LANGUAGE_STANDARD = "gnu++20";
				CLANG_ENABLE_MODULES = YES;
				CLANG_ENABLE_OBJC_ARC = YES;
				CLANG_ENABLE_OBJC_WEAK = YES;
				CLANG_WARN_BLOCK_CAPTURE_AUTORELEASING = YES;
				CLANG_WARN_BOOL_CONVERSION = YES;
				CLANG_WARN_COMMA = YES;
				CLANG_WARN_CONSTANT_CONVERSION = YES;
				CLANG_WARN_DEPRECATED_OBJC_IMPLEMENTATIONS = YES;
				CLANG_WARN_DIRECT_OBJC_ISA_USAGE = YES_ERROR;
				CLANG_WARN_DOCUMENTATION_COMMENTS = YES;
				CLANG_WARN_EMPTY_BODY = YES;
				CLANG_WARN_ENUM_CONVERSION = YES;
				CLANG_WARN_INFINITE_RECURSION = YES;
				CLANG_WARN_INT_CONVERSION = YES;
				CLANG_WARN_NON_LITERAL_NULL_CONVERSION = YES;
				CLANG_WARN_OBJC_IMPLICIT_RETAIN_SELF = YES;
				CLANG_WARN_OBJC_LITERAL_CONVERSION = YES;
				CLANG_WARN_OBJC_ROOT_CLASS = YES_ERROR;
				CLANG_WARN_QUOTED_INCLUDE_IN_FRAMEWORK_HEADER = YES;
				CLANG_WARN_RANGE_LOOP_ANALYSIS = YES;
				CLANG_WARN_STRICT_PROTOTYPES = YES;
				CLANG_WARN_SUSPICIOUS_MOVE = YES;
				CLANG_WARN_UNGUARDED_AVAILABILITY = YES_AGGRESSIVE;
				CLANG_WARN_UNREACHABLE_CODE = YES;
				CLANG_WARN__DUPLICATE_METHOD_MATCH = YES;
				COPY_PHASE_STRIP = NO;
				DEBUG_INFORMATION_FORMAT = dwarf;
				ENABLE_STRICT_OBJC_MSGSEND = YES;
				ENABLE_TESTABILITY = YES;
				GCC_C_LANGUAGE_STANDARD = gnu11;
				GCC_DYNAMIC_NO_PIC = NO;
				GCC_NO_COMMON_BLOCKS = YES;
				GCC_OPTIMIZATION_LEVEL = 0;
				GCC_PREPROCESSOR_DEFINITIONS = (
					"DEBUG=1",
					"$(inherited)",
				);
				GCC_WARN_64_TO_32_BIT_CONVERSION = YES;
				GCC_WARN_ABOUT_RETURN_TYPE = YES_ERROR;
				GCC_WARN_UNDECLARED_SELECTOR = YES;
				GCC_WARN_UNINITIALIZED_AUTOS = YES_AGGRESSIVE;
				GCC_WARN_UNUSED_FUNCTION = YES;
				GCC_WARN_UNUSED_VARIABLE = YES;
				IPHONEOS_DEPLOYMENT_TARGET = 16.2;
				MTL_ENABLE_DEBUG_INFO = INCLUDE_SOURCE;
				MTL_FAST_MATH = YES;
				ONLY_ACTIVE_ARCH = YES;
				SDKROOT = iphoneos;
				SWIFT_ACTIVE_COMPILATION_CONDITIONS = DEBUG;
				SWIFT_OPTIMIZATION_LEVEL = "-Onone";
			};
			name = Debug;
		};
		6CA0253A297E5000005D963E /* Release */ = {
			isa = XCBuildConfiguration;
			buildSettings = {
				ALWAYS_SEARCH_USER_PATHS = NO;
				CLANG_ANALYZER_NONNULL = YES;
				CLANG_ANALYZER_NUMBER_OBJECT_CONVERSION = YES_AGGRESSIVE;
				CLANG_CXX_LANGUAGE_STANDARD = "gnu++20";
				CLANG_ENABLE_MODULES = YES;
				CLANG_ENABLE_OBJC_ARC = YES;
				CLANG_ENABLE_OBJC_WEAK = YES;
				CLANG_WARN_BLOCK_CAPTURE_AUTORELEASING = YES;
				CLANG_WARN_BOOL_CONVERSION = YES;
				CLANG_WARN_COMMA = YES;
				CLANG_WARN_CONSTANT_CONVERSION = YES;
				CLANG_WARN_DEPRECATED_OBJC_IMPLEMENTATIONS = YES;
				CLANG_WARN_DIRECT_OBJC_ISA_USAGE = YES_ERROR;
				CLANG_WARN_DOCUMENTATION_COMMENTS = YES;
				CLANG_WARN_EMPTY_BODY = YES;
				CLANG_WARN_ENUM_CONVERSION = YES;
				CLANG_WARN_INFINITE_RECURSION = YES;
				CLANG_WARN_INT_CONVERSION = YES;
				CLANG_WARN_NON_LITERAL_NULL_CONVERSION = YES;
				CLANG_WARN_OBJC_IMPLICIT_RETAIN_SELF = YES;
				CLANG_WARN_OBJC_LITERAL_CONVERSION = YES;
				CLANG_WARN_OBJC_ROOT_CLASS = YES_ERROR;
				CLANG_WARN_QUOTED_INCLUDE_IN_FRAMEWORK_HEADER = YES;
				CLANG_WARN_RANGE_LOOP_ANALYSIS = YES;
				CLANG_WARN_STRICT_PROTOTYPES = YES;
				CLANG_WARN_SUSPICIOUS_MOVE = YES;
				CLANG_WARN_UNGUARDED_AVAILABILITY = YES_AGGRESSIVE;
				CLANG_WARN_UNREACHABLE_CODE = YES;
				CLANG_WARN__DUPLICATE_METHOD_MATCH = YES;
				COPY_PHASE_STRIP = NO;
				DEBUG_INFORMATION_FORMAT = "dwarf-with-dsym";
				ENABLE_NS_ASSERTIONS = NO;
				ENABLE_STRICT_OBJC_MSGSEND = YES;
				GCC_C_LANGUAGE_STANDARD = gnu11;
				GCC_NO_COMMON_BLOCKS = YES;
				GCC_WARN_64_TO_32_BIT_CONVERSION = YES;
				GCC_WARN_ABOUT_RETURN_TYPE = YES_ERROR;
				GCC_WARN_UNDECLARED_SELECTOR = YES;
				GCC_WARN_UNINITIALIZED_AUTOS = YES_AGGRESSIVE;
				GCC_WARN_UNUSED_FUNCTION = YES;
				GCC_WARN_UNUSED_VARIABLE = YES;
				IPHONEOS_DEPLOYMENT_TARGET = 16.2;
				MTL_ENABLE_DEBUG_INFO = NO;
				MTL_FAST_MATH = YES;
				SDKROOT = iphoneos;
				SWIFT_COMPILATION_MODE = wholemodule;
				SWIFT_OPTIMIZATION_LEVEL = "-O";
				VALIDATE_PRODUCT = YES;
			};
			name = Release;
		};
		6CA0253C297E5000005D963E /* Debug */ = {
			isa = XCBuildConfiguration;
			buildSettings = {
				ASSETCATALOG_COMPILER_APPICON_NAME = AppIcon;
				ASSETCATALOG_COMPILER_GLOBAL_ACCENT_COLOR_NAME = AccentColor;
				CODE_SIGN_STYLE = Automatic;
				CURRENT_PROJECT_VERSION = 1;
				DEVELOPMENT_TEAM = WPL7Q42L8U;
				GENERATE_INFOPLIST_FILE = YES;
				INFOPLIST_KEY_LSApplicationCategoryType = "";
				INFOPLIST_KEY_UIApplicationSupportsIndirectInputEvents = YES;
				INFOPLIST_KEY_UILaunchStoryboardName = LaunchScreen;
				INFOPLIST_KEY_UIMainStoryboardFile = Main;
				INFOPLIST_KEY_UIStatusBarHidden = YES;
				INFOPLIST_KEY_UISupportedInterfaceOrientations_iPad = "UIInterfaceOrientationPortrait UIInterfaceOrientationPortraitUpsideDown UIInterfaceOrientationLandscapeLeft UIInterfaceOrientationLandscapeRight";
				INFOPLIST_KEY_UISupportedInterfaceOrientations_iPhone = "UIInterfaceOrientationPortrait UIInterfaceOrientationLandscapeLeft UIInterfaceOrientationLandscapeRight";
				LD_RUNPATH_SEARCH_PATHS = (
					"$(inherited)",
					"@executable_path/Frameworks",
				);
				MARKETING_VERSION = 1.0;
				PRODUCT_BUNDLE_IDENTIFIER = com.skh.LadyBug;
				PRODUCT_NAME = "$(TARGET_NAME)";
				SWIFT_EMIT_LOC_STRINGS = YES;
				SWIFT_VERSION = 5.0;
				TARGETED_DEVICE_FAMILY = "1,2";
			};
			name = Debug;
		};
		6CA0253D297E5000005D963E /* Release */ = {
			isa = XCBuildConfiguration;
			buildSettings = {
				ASSETCATALOG_COMPILER_APPICON_NAME = AppIcon;
				ASSETCATALOG_COMPILER_GLOBAL_ACCENT_COLOR_NAME = AccentColor;
				CODE_SIGN_STYLE = Automatic;
				CURRENT_PROJECT_VERSION = 1;
				DEVELOPMENT_TEAM = WPL7Q42L8U;
				GENERATE_INFOPLIST_FILE = YES;
				INFOPLIST_KEY_LSApplicationCategoryType = "";
				INFOPLIST_KEY_UIApplicationSupportsIndirectInputEvents = YES;
				INFOPLIST_KEY_UILaunchStoryboardName = LaunchScreen;
				INFOPLIST_KEY_UIMainStoryboardFile = Main;
				INFOPLIST_KEY_UIStatusBarHidden = YES;
				INFOPLIST_KEY_UISupportedInterfaceOrientations_iPad = "UIInterfaceOrientationPortrait UIInterfaceOrientationPortraitUpsideDown UIInterfaceOrientationLandscapeLeft UIInterfaceOrientationLandscapeRight";
				INFOPLIST_KEY_UISupportedInterfaceOrientations_iPhone = "UIInterfaceOrientationPortrait UIInterfaceOrientationLandscapeLeft UIInterfaceOrientationLandscapeRight";
				LD_RUNPATH_SEARCH_PATHS = (
					"$(inherited)",
					"@executable_path/Frameworks",
				);
				MARKETING_VERSION = 1.0;
				PRODUCT_BUNDLE_IDENTIFIER = com.skh.LadyBug;
				PRODUCT_NAME = "$(TARGET_NAME)";
				SWIFT_EMIT_LOC_STRINGS = YES;
				SWIFT_VERSION = 5.0;
				TARGETED_DEVICE_FAMILY = "1,2";
			};
			name = Release;
		};
/* End XCBuildConfiguration section */

/* Begin XCConfigurationList section */
		6CA0251F297E4FFF005D963E /* Build configuration list for PBXProject "LadyBug" */ = {
			isa = XCConfigurationList;
			buildConfigurations = (
				6CA02539297E5000005D963E /* Debug */,
				6CA0253A297E5000005D963E /* Release */,
			);
			defaultConfigurationIsVisible = 0;
			defaultConfigurationName = Release;
		};
		6CA0253B297E5000005D963E /* Build configuration list for PBXNativeTarget "LadyBug" */ = {
			isa = XCConfigurationList;
			buildConfigurations = (
				6CA0253C297E5000005D963E /* Debug */,
				6CA0253D297E5000005D963E /* Release */,
			);
			defaultConfigurationIsVisible = 0;
			defaultConfigurationName = Release;
		};
/* End XCConfigurationList section */
	};
	rootObject = 6CA0251C297E4FFF005D963E /* Project object */;
}
